<?xml version="1.0" encoding="UTF-8"?>
<Scheme
   version = "1.3">
   <BuildAction>
      <BuildActionEntries>
         <BuildActionEntry
            buildForRunning = "YES">
            <BuildableReference
               BuildableIdentifier = "primary"
               BlueprintIdentifier = "5056F35E6A80723848DB07A1"
               BuildableName = "C++ Thing 3 - Loops"
               BlueprintName = "C++ Thing 3 - Loops"
               ReferencedContainer = "container:C++ Thing 3 - Loops.xcodeproj">
            </BuildableReference>
         </BuildActionEntry>
      </BuildActionEntries>
   </BuildAction>
   <LaunchAction
      useCustomWorkingDirectory = "NO"
      buildConfiguration = "Debug">
      <BuildableProductRunnable>
         <BuildableReference
            BuildableIdentifier = "primary"
            BlueprintIdentifier = "5056F35E6A80723848DB07A1"
            BuildableName = "C++ Thing 3 - Loops"
            BlueprintName = "C++ Thing 3 - Loops"
            ReferencedContainer = "container:C++ Thing 3 - Loops.xcodeproj">
         </BuildableReference>
      </BuildableProductRunnable>
   </LaunchAction>
</Scheme>
